
Microsoft Visual Studio Solution File, Format Version 12.00
# Visual Studio 15
VisualStudioVersion = 15.0.27703.2035
MinimumVisualStudioVersion = 10.0.40219.1
Project("{9A19103F-16F7-4668-BE54-9A1E7A4F7556}") = "dmuka.ProxyServer", "dmuka.ProxyServer\dmuka.ProxyServer.csproj", "{24DC0C89-376D-47CD-8E37-591BF0BBBF98}"
EndProject
Project("{2150E333-8FDC-42A3-9474-1A3956D46DE8}") = "Libraries", "Libraries", "{D59A3E1D-17E7-4443-BD3B-B3F5A4E1E8BE}"
EndProject
Project("{9A19103F-16F7-4668-BE54-9A1E7A4F7556}") = "dmuka.Semaphore", "Libraries\dmuka.Semaphore\dmuka.Semaphore.csproj", "{9232341D-6052-4F43-8FE2-E4CEBAA46C0D}"
EndProject
Project("{FAE04EC0-301F-11D3-BF4B-00C04F79EFBC}") = "dmuka.ProxyServerTests", "dmuka.ProxyServerTests\dmuka.ProxyServerTests.csproj", "{62E2B866-63B3-4AE5-A9BE-7758CF7DE979}"
EndProject
Project("{FAE04EC0-301F-11D3-BF4B-00C04F79EFBC}") = "dmuka.ProxyServer.App", "dmuka.ProxyServer.App\dmuka.ProxyServer.App.csproj", "{2686E412-359D-4B7F-821E-4057B80EE01E}"
EndProject
Global
	GlobalSection(SolutionConfigurationPlatforms) = preSolution
		Debug|Any CPU = Debug|Any CPU
		Release|Any CPU = Release|Any CPU
	EndGlobalSection
	GlobalSection(ProjectConfigurationPlatforms) = postSolution
		{24DC0C89-376D-47CD-8E37-591BF0BBBF98}.Debug|Any CPU.ActiveCfg = Debug|Any CPU
		{24DC0C89-376D-47CD-8E37-591BF0BBBF98}.Debug|Any CPU.Build.0 = Debug|Any CPU
		{24DC0C89-376D-47CD-8E37-591BF0BBBF98}.Release|Any CPU.ActiveCfg = Release|Any CPU
		{24DC0C89-376D-47CD-8E37-591BF0BBBF98}.Release|Any CPU.Build.0 = Release|Any CPU
		{9232341D-6052-4F43-8FE2-E4CEBAA46C0D}.Debug|Any CPU.ActiveCfg = Debug|Any CPU
		{9232341D-6052-4F43-8FE2-E4CEBAA46C0D}.Debug|Any CPU.Build.0 = Debug|Any CPU
		{9232341D-6052-4F43-8FE2-E4CEBAA46C0D}.Release|Any CPU.ActiveCfg = Release|Any CPU
		{9232341D-6052-4F43-8FE2-E4CEBAA46C0D}.Release|Any CPU.Build.0 = Release|Any CPU
		{62E2B866-63B3-4AE5-A9BE-7758CF7DE979}.Debug|Any CPU.ActiveCfg = Debug|Any CPU
		{62E2B866-63B3-4AE5-A9BE-7758CF7DE979}.Debug|Any CPU.Build.0 = Debug|Any CPU
		{62E2B866-63B3-4AE5-A9BE-7758CF7DE979}.Release|Any CPU.ActiveCfg = Release|Any CPU
		{62E2B866-63B3-4AE5-A9BE-7758CF7DE979}.Release|Any CPU.Build.0 = Release|Any CPU
		{2686E412-359D-4B7F-821E-4057B80EE01E}.Debug|Any CPU.ActiveCfg = Debug|Any CPU
		{2686E412-359D-4B7F-821E-4057B80EE01E}.Debug|Any CPU.Build.0 = Debug|Any CPU
		{2686E412-359D-4B7F-821E-4057B80EE01E}.Release|Any CPU.ActiveCfg = Release|Any CPU
		{2686E412-359D-4B7F-821E-4057B80EE01E}.Release|Any CPU.Build.0 = Release|Any CPU
	EndGlobalSection
	GlobalSection(SolutionProperties) = preSolution
		HideSolutionNode = FALSE
	EndGlobalSection
	GlobalSection(NestedProjects) = preSolution
		{9232341D-6052-4F43-8FE2-E4CEBAA46C0D} = {D59A3E1D-17E7-4443-BD3B-B3F5A4E1E8BE}
	EndGlobalSection
	GlobalSection(ExtensibilityGlobals) = postSolution
		SolutionGuid = {29492874-CB92-4F13-95F9-C7193A757000}
	EndGlobalSection
EndGlobal
